
Microsoft Visual Studio Solution File, Format Version 12.00
# Visual Studio Version 17
VisualStudioVersion = 17.5.33424.131
MinimumVisualStudioVersion = 10.0.40219.1
Project("{9A19103F-16F7-4668-BE54-9A1E7A4F7556}") = "VoteEase.API", "VoteEase\VoteEase.API.csproj", "{45BE0369-2077-4505-BA2A-4875D6F1EABA}"
EndProject
Project("{2150E333-8FDC-42A3-9474-1A3956D46DE8}") = "Domain", "Domain", "{CF146CFD-F09E-4592-8A04-97E0327783E2}"
EndProject
Project("{2150E333-8FDC-42A3-9474-1A3956D46DE8}") = "API", "API", "{69E68678-FD57-425D-B5CA-707168D32119}"
EndProject
Project("{9A19103F-16F7-4668-BE54-9A1E7A4F7556}") = "VoteEase.Domain", "VoteEase.Domains\VoteEase.Domain.csproj", "{FBAF6779-B1C9-48C7-97C3-F1E56CB2666D}"
EndProject
Project("{2150E333-8FDC-42A3-9474-1A3956D46DE8}") = "Data", "Data", "{6FA86F0A-BD6A-4E19-B33D-8318A8898456}"
EndProject
Project("{9A19103F-16F7-4668-BE54-9A1E7A4F7556}") = "VoteEase.Data", "VoteEase.Data\VoteEase.Data.csproj", "{0D12179B-23F8-47E0-B015-33AD73609531}"
EndProject
Project("{2150E333-8FDC-42A3-9474-1A3956D46DE8}") = "Data Access", "Data Access", "{DD790583-3F53-41B1-83E1-53979EEC9626}"
EndProject
Project("{9A19103F-16F7-4668-BE54-9A1E7A4F7556}") = "VoteEase.Data Access", "VoteEase.Data Access\VoteEase.Data Access.csproj", "{F1CE5060-56A7-4B1F-A86F-C0C660252A04}"
EndProject
Project("{2150E333-8FDC-42A3-9474-1A3956D46DE8}") = "DTO", "DTO", "{62141B9A-4A5A-47CA-9403-2966941D1AB2}"
EndProject
Project("{9A19103F-16F7-4668-BE54-9A1E7A4F7556}") = "VoteEase.DTO", "VoteEase.DTO\VoteEase.DTO.csproj", "{3A6D5439-FD68-4CDD-9BA1-62CE0F9EECF1}"
EndProject
Project("{2150E333-8FDC-42A3-9474-1A3956D46DE8}") = "Application", "Application", "{2F7C7D4A-BCA5-4C8D-9E8F-CAFC66446CE9}"
EndProject
Project("{9A19103F-16F7-4668-BE54-9A1E7A4F7556}") = "VoteEase.Application", "VoteEase.Application\VoteEase.Application.csproj", "{D95A9254-74F8-40E9-BB85-5FF3195E3B97}"
EndProject
Project("{2150E333-8FDC-42A3-9474-1A3956D46DE8}") = "Infrastructure", "Infrastructure", "{2C4806ED-6982-469C-BE7B-CA3D447FD5A5}"
EndProject
Project("{2150E333-8FDC-42A3-9474-1A3956D46DE8}") = "Mapper", "Mapper", "{18383D25-A0DA-4927-9927-45D864F9CC2E}"
EndProject
Project("{9A19103F-16F7-4668-BE54-9A1E7A4F7556}") = "VoteEase.Mapper", "VoteEase.Mapper\VoteEase.Mapper.csproj", "{52EB4074-5278-4325-A22B-D40A5F14A71C}"
EndProject
Project("{9A19103F-16F7-4668-BE54-9A1E7A4F7556}") = "VoteEase.Infrastructure", "VoteEase.Infrastructure\VoteEase.Infrastructure.csproj", "{5B974361-75ED-4B64-A608-D19220F46DBC}"
EndProject
Project("{2150E333-8FDC-42A3-9474-1A3956D46DE8}") = "IoC", "IoC", "{0DDAE542-1682-44D0-9CAC-B811ECD8705A}"
EndProject
Project("{FAE04EC0-301F-11D3-BF4B-00C04F79EFBC}") = "VoteEase.IoC", "VoteEase.IoC\VoteEase.IoC.csproj", "{4788BF1B-0D6D-4EBF-BB02-47AABB674B96}"
EndProject
Global
	GlobalSection(SolutionConfigurationPlatforms) = preSolution
		Debug|Any CPU = Debug|Any CPU
		Release|Any CPU = Release|Any CPU
	EndGlobalSection
	GlobalSection(ProjectConfigurationPlatforms) = postSolution
		{45BE0369-2077-4505-BA2A-4875D6F1EABA}.Debug|Any CPU.ActiveCfg = Debug|Any CPU
		{45BE0369-2077-4505-BA2A-4875D6F1EABA}.Debug|Any CPU.Build.0 = Debug|Any CPU
		{45BE0369-2077-4505-BA2A-4875D6F1EABA}.Release|Any CPU.ActiveCfg = Release|Any CPU
		{45BE0369-2077-4505-BA2A-4875D6F1EABA}.Release|Any CPU.Build.0 = Release|Any CPU
		{FBAF6779-B1C9-48C7-97C3-F1E56CB2666D}.Debug|Any CPU.ActiveCfg = Debug|Any CPU
		{FBAF6779-B1C9-48C7-97C3-F1E56CB2666D}.Debug|Any CPU.Build.0 = Debug|Any CPU
		{FBAF6779-B1C9-48C7-97C3-F1E56CB2666D}.Release|Any CPU.ActiveCfg = Release|Any CPU
		{FBAF6779-B1C9-48C7-97C3-F1E56CB2666D}.Release|Any CPU.Build.0 = Release|Any CPU
		{0D12179B-23F8-47E0-B015-33AD73609531}.Debug|Any CPU.ActiveCfg = Debug|Any CPU
		{0D12179B-23F8-47E0-B015-33AD73609531}.Debug|Any CPU.Build.0 = Debug|Any CPU
		{0D12179B-23F8-47E0-B015-33AD73609531}.Release|Any CPU.ActiveCfg = Release|Any CPU
		{0D12179B-23F8-47E0-B015-33AD73609531}.Release|Any CPU.Build.0 = Release|Any CPU
		{F1CE5060-56A7-4B1F-A86F-C0C660252A04}.Debug|Any CPU.ActiveCfg = Debug|Any CPU
		{F1CE5060-56A7-4B1F-A86F-C0C660252A04}.Debug|Any CPU.Build.0 = Debug|Any CPU
		{F1CE5060-56A7-4B1F-A86F-C0C660252A04}.Release|Any CPU.ActiveCfg = Release|Any CPU
		{F1CE5060-56A7-4B1F-A86F-C0C660252A04}.Release|Any CPU.Build.0 = Release|Any CPU
		{3A6D5439-FD68-4CDD-9BA1-62CE0F9EECF1}.Debug|Any CPU.ActiveCfg = Debug|Any CPU
		{3A6D5439-FD68-4CDD-9BA1-62CE0F9EECF1}.Debug|Any CPU.Build.0 = Debug|Any CPU
		{3A6D5439-FD68-4CDD-9BA1-62CE0F9EECF1}.Release|Any CPU.ActiveCfg = Release|Any CPU
		{3A6D5439-FD68-4CDD-9BA1-62CE0F9EECF1}.Release|Any CPU.Build.0 = Release|Any CPU
		{D95A9254-74F8-40E9-BB85-5FF3195E3B97}.Debug|Any CPU.ActiveCfg = Debug|Any CPU
		{D95A9254-74F8-40E9-BB85-5FF3195E3B97}.Debug|Any CPU.Build.0 = Debug|Any CPU
		{D95A9254-74F8-40E9-BB85-5FF3195E3B97}.Release|Any CPU.ActiveCfg = Release|Any CPU
		{D95A9254-74F8-40E9-BB85-5FF3195E3B97}.Release|Any CPU.Build.0 = Release|Any CPU
		{52EB4074-5278-4325-A22B-D40A5F14A71C}.Debug|Any CPU.ActiveCfg = Debug|Any CPU
		{52EB4074-5278-4325-A22B-D40A5F14A71C}.Debug|Any CPU.Build.0 = Debug|Any CPU
		{52EB4074-5278-4325-A22B-D40A5F14A71C}.Release|Any CPU.ActiveCfg = Release|Any CPU
		{52EB4074-5278-4325-A22B-D40A5F14A71C}.Release|Any CPU.Build.0 = Release|Any CPU
		{5B974361-75ED-4B64-A608-D19220F46DBC}.Debug|Any CPU.ActiveCfg = Debug|Any CPU
		{5B974361-75ED-4B64-A608-D19220F46DBC}.Debug|Any CPU.Build.0 = Debug|Any CPU
		{5B974361-75ED-4B64-A608-D19220F46DBC}.Release|Any CPU.ActiveCfg = Release|Any CPU
		{5B974361-75ED-4B64-A608-D19220F46DBC}.Release|Any CPU.Build.0 = Release|Any CPU
		{4788BF1B-0D6D-4EBF-BB02-47AABB674B96}.Debug|Any CPU.ActiveCfg = Debug|Any CPU
		{4788BF1B-0D6D-4EBF-BB02-47AABB674B96}.Debug|Any CPU.Build.0 = Debug|Any CPU
		{4788BF1B-0D6D-4EBF-BB02-47AABB674B96}.Release|Any CPU.ActiveCfg = Release|Any CPU
		{4788BF1B-0D6D-4EBF-BB02-47AABB674B96}.Release|Any CPU.Build.0 = Release|Any CPU
	EndGlobalSection
	GlobalSection(SolutionProperties) = preSolution
		HideSolutionNode = FALSE
	EndGlobalSection
	GlobalSection(NestedProjects) = preSolution
		{45BE0369-2077-4505-BA2A-4875D6F1EABA} = {69E68678-FD57-425D-B5CA-707168D32119}
		{FBAF6779-B1C9-48C7-97C3-F1E56CB2666D} = {CF146CFD-F09E-4592-8A04-97E0327783E2}
		{0D12179B-23F8-47E0-B015-33AD73609531} = {6FA86F0A-BD6A-4E19-B33D-8318A8898456}
		{F1CE5060-56A7-4B1F-A86F-C0C660252A04} = {DD790583-3F53-41B1-83E1-53979EEC9626}
		{3A6D5439-FD68-4CDD-9BA1-62CE0F9EECF1} = {62141B9A-4A5A-47CA-9403-2966941D1AB2}
		{D95A9254-74F8-40E9-BB85-5FF3195E3B97} = {2F7C7D4A-BCA5-4C8D-9E8F-CAFC66446CE9}
		{52EB4074-5278-4325-A22B-D40A5F14A71C} = {18383D25-A0DA-4927-9927-45D864F9CC2E}
		{5B974361-75ED-4B64-A608-D19220F46DBC} = {2C4806ED-6982-469C-BE7B-CA3D447FD5A5}
		{4788BF1B-0D6D-4EBF-BB02-47AABB674B96} = {0DDAE542-1682-44D0-9CAC-B811ECD8705A}
	EndGlobalSection
	GlobalSection(ExtensibilityGlobals) = postSolution
		SolutionGuid = {C366AC79-AB93-411C-9F73-586C1984C441}
	EndGlobalSection
EndGlobal
